
Microsoft Visual Studio Solution File, Format Version 12.00
# Visual Studio 15
VisualStudioVersion = 15.0.26730.15
MinimumVisualStudioVersion = 10.0.40219.1
Project("{FAE04EC0-301F-11D3-BF4B-00C04F79EFBC}") = "Traveller", "Traveller\Traveller.csproj", "{37BA7D68-D803-4820-9586-8EFC016C9144}"
EndProject
Project("{FAE04EC0-301F-11D3-BF4B-00C04F79EFBC}") = "Traveller.UnitTests", "Traveller.UnitTests\Traveller.UnitTests.csproj", "{BB1573B2-E244-4936-8D3D-80489BDAC279}"
EndProject
Global
	GlobalSection(SolutionConfigurationPlatforms) = preSolution
		Debug|Any CPU = Debug|Any CPU
		Release|Any CPU = Release|Any CPU
	EndGlobalSection
	GlobalSection(ProjectConfigurationPlatforms) = postSolution
		{37BA7D68-D803-4820-9586-8EFC016C9144}.Debug|Any CPU.ActiveCfg = Debug|Any CPU
		{37BA7D68-D803-4820-9586-8EFC016C9144}.Debug|Any CPU.Build.0 = Debug|Any CPU
		{37BA7D68-D803-4820-9586-8EFC016C9144}.Release|Any CPU.ActiveCfg = Release|Any CPU
		{37BA7D68-D803-4820-9586-8EFC016C9144}.Release|Any CPU.Build.0 = Release|Any CPU
		{BB1573B2-E244-4936-8D3D-80489BDAC279}.Debug|Any CPU.ActiveCfg = Debug|Any CPU
		{BB1573B2-E244-4936-8D3D-80489BDAC279}.Debug|Any CPU.Build.0 = Debug|Any CPU
		{BB1573B2-E244-4936-8D3D-80489BDAC279}.Release|Any CPU.ActiveCfg = Release|Any CPU
		{BB1573B2-E244-4936-8D3D-80489BDAC279}.Release|Any CPU.Build.0 = Release|Any CPU
	EndGlobalSection
	GlobalSection(SolutionProperties) = preSolution
		HideSolutionNode = FALSE
	EndGlobalSection
	GlobalSection(ExtensibilityGlobals) = postSolution
		SolutionGuid = {993EE957-27B8-4D50-A56D-2549183C0091}
	EndGlobalSection
EndGlobal
