
Microsoft Visual Studio Solution File, Format Version 12.00
# Visual Studio 15
VisualStudioVersion = 15.0.26430.14
MinimumVisualStudioVersion = 10.0.40219.1
Project("{FAE04EC0-301F-11D3-BF4B-00C04F79EFBC}") = "Problem1", "Problem1\Problem1.csproj", "{ADB3E71F-AEF3-48F0-96C1-CB127C13E64F}"
EndProject
Project("{FAE04EC0-301F-11D3-BF4B-00C04F79EFBC}") = "Problem2", "Problem2\Problem2.csproj", "{9506CE8F-5A75-48DE-91F4-266D53CAEA5F}"
EndProject
Project("{FAE04EC0-301F-11D3-BF4B-00C04F79EFBC}") = "Problem3", "Problem3\Problem3.csproj", "{2C1FCEB6-849D-4C56-8F36-86A46B42F3A7}"
EndProject
Global
	GlobalSection(SolutionConfigurationPlatforms) = preSolution
		Debug|Any CPU = Debug|Any CPU
		Release|Any CPU = Release|Any CPU
	EndGlobalSection
	GlobalSection(ProjectConfigurationPlatforms) = postSolution
		{ADB3E71F-AEF3-48F0-96C1-CB127C13E64F}.Debug|Any CPU.ActiveCfg = Debug|Any CPU
		{ADB3E71F-AEF3-48F0-96C1-CB127C13E64F}.Debug|Any CPU.Build.0 = Debug|Any CPU
		{ADB3E71F-AEF3-48F0-96C1-CB127C13E64F}.Release|Any CPU.ActiveCfg = Release|Any CPU
		{ADB3E71F-AEF3-48F0-96C1-CB127C13E64F}.Release|Any CPU.Build.0 = Release|Any CPU
		{9506CE8F-5A75-48DE-91F4-266D53CAEA5F}.Debug|Any CPU.ActiveCfg = Debug|Any CPU
		{9506CE8F-5A75-48DE-91F4-266D53CAEA5F}.Debug|Any CPU.Build.0 = Debug|Any CPU
		{9506CE8F-5A75-48DE-91F4-266D53CAEA5F}.Release|Any CPU.ActiveCfg = Release|Any CPU
		{9506CE8F-5A75-48DE-91F4-266D53CAEA5F}.Release|Any CPU.Build.0 = Release|Any CPU
		{2C1FCEB6-849D-4C56-8F36-86A46B42F3A7}.Debug|Any CPU.ActiveCfg = Debug|Any CPU
		{2C1FCEB6-849D-4C56-8F36-86A46B42F3A7}.Debug|Any CPU.Build.0 = Debug|Any CPU
		{2C1FCEB6-849D-4C56-8F36-86A46B42F3A7}.Release|Any CPU.ActiveCfg = Release|Any CPU
		{2C1FCEB6-849D-4C56-8F36-86A46B42F3A7}.Release|Any CPU.Build.0 = Release|Any CPU
	EndGlobalSection
	GlobalSection(SolutionProperties) = preSolution
		HideSolutionNode = FALSE
	EndGlobalSection
EndGlobal
