
Microsoft Visual Studio Solution File, Format Version 12.00
# Visual Studio 15
VisualStudioVersion = 15.0.27004.2005
MinimumVisualStudioVersion = 10.0.40219.1
Project("{FAE04EC0-301F-11D3-BF4B-00C04F79EFBC}") = "WebCalculatorApp", "WebCalculatorApp\WebCalculatorApp.csproj", "{DD821166-F43D-4423-A424-6752735219C2}"
EndProject
Global
	GlobalSection(SolutionConfigurationPlatforms) = preSolution
		Debug|Any CPU = Debug|Any CPU
		Release|Any CPU = Release|Any CPU
	EndGlobalSection
	GlobalSection(ProjectConfigurationPlatforms) = postSolution
		{DD821166-F43D-4423-A424-6752735219C2}.Debug|Any CPU.ActiveCfg = Debug|Any CPU
		{DD821166-F43D-4423-A424-6752735219C2}.Debug|Any CPU.Build.0 = Debug|Any CPU
		{DD821166-F43D-4423-A424-6752735219C2}.Release|Any CPU.ActiveCfg = Release|Any CPU
		{DD821166-F43D-4423-A424-6752735219C2}.Release|Any CPU.Build.0 = Release|Any CPU
	EndGlobalSection
	GlobalSection(SolutionProperties) = preSolution
		HideSolutionNode = FALSE
	EndGlobalSection
	GlobalSection(ExtensibilityGlobals) = postSolution
		SolutionGuid = {09A37D78-4641-4983-BC94-8EA5522448F3}
	EndGlobalSection
EndGlobal
